// !$*UTF8*$!
{
	archiveVersion = 1;
	classes = {
	};
	objectVersion = 50;
	objects = {

/* Begin PBXBuildFile section */
		C7A185DB21F8D7D400F3DDAF /* AppDelegate.swift in Sources */ = {isa = PBXBuildFile; fileRef = C7A185DA21F8D7D400F3DDAF /* AppDelegate.swift */; };
		C7A185DD21F8D7D400F3DDAF /* ViewController.swift in Sources */ = {isa = PBXBuildFile; fileRef = C7A185DC21F8D7D400F3DDAF /* ViewController.swift */; };
		C7A185E021F8D7D400F3DDAF /* Main.storyboard in Resources */ = {isa = PBXBuildFile; fileRef = C7A185DE21F8D7D400F3DDAF /* Main.storyboard */; };
		C7A185E221F8D7D900F3DDAF /* Assets.xcassets in Resources */ = {isa = PBXBuildFile; fileRef = C7A185E121F8D7D900F3DDAF /* Assets.xcassets */; };
		C7A185E521F8D7D900F3DDAF /* LaunchScreen.storyboard in Resources */ = {isa = PBXBuildFile; fileRef = C7A185E321F8D7D900F3DDAF /* LaunchScreen.storyboard */; };
		C7A185F021F8D7D900F3DDAF /* Git_Tutorial_ProjectTests.swift in Sources */ = {isa = PBXBuildFile; fileRef = C7A185EF21F8D7D900F3DDAF /* Git_Tutorial_ProjectTests.swift */; };
		C7A185FB21F8D7D900F3DDAF /* Git_Tutorial_ProjectUITests.swift in Sources */ = {isa = PBXBuildFile; fileRef = C7A185FA21F8D7D900F3DDAF /* Git_Tutorial_ProjectUITests.swift */; };
/* End PBXBuildFile section */

/* Begin PBXContainerItemProxy section */
		C7A185EC21F8D7D900F3DDAF /* PBXContainerItemProxy */ = {
			isa = PBXContainerItemProxy;
			containerPortal = C7A185CF21F8D7D300F3DDAF /* Project object */;
			proxyType = 1;
			remoteGlobalIDString = C7A185D621F8D7D400F3DDAF;
			remoteInfo = "Git Tutorial Project";
		};
		C7A185F721F8D7D900F3DDAF /* PBXContainerItemProxy */ = {
			isa = PBXContainerItemProxy;
			containerPortal = C7A185CF21F8D7D300F3DDAF /* Project object */;
			proxyType = 1;
			remoteGlobalIDString = C7A185D621F8D7D400F3DDAF;
			remoteInfo = "Git Tutorial Project";
		};
/* End PBXContainerItemProxy section */

/* Begin PBXFileReference section */
		C7A185D721F8D7D400F3DDAF /* Git Tutorial Project.app */ = {isa = PBXFileReference; explicitFileType = wrapper.application; includeInIndex = 0; path = "Git Tutorial Project.app"; sourceTree = BUILT_PRODUCTS_DIR; };
		C7A185DA21F8D7D400F3DDAF /* AppDelegate.swift */ = {isa = PBXFileReference; lastKnownFileType = sourcecode.swift; path = AppDelegate.swift; sourceTree = "<group>"; };
		C7A185DC21F8D7D400F3DDAF /* ViewController.swift */ = {isa = PBXFileReference; lastKnownFileType = sourcecode.swift; path = ViewController.swift; sourceTree = "<group>"; };
		C7A185DF21F8D7D400F3DDAF /* Base */ = {isa = PBXFileReference; lastKnownFileType = file.storyboard; name = Base; path = Base.lproj/Main.storyboard; sourceTree = "<group>"; };
		C7A185E121F8D7D900F3DDAF /* Assets.xcassets */ = {isa = PBXFileReference; lastKnownFileType = folder.assetcatalog; path = Assets.xcassets; sourceTree = "<group>"; };
		C7A185E421F8D7D900F3DDAF /* Base */ = {isa = PBXFileReference; lastKnownFileType = file.storyboard; name = Base; path = Base.lproj/LaunchScreen.storyboard; sourceTree = "<group>"; };
		C7A185E621F8D7D900F3DDAF /* Info.plist */ = {isa = PBXFileReference; lastKnownFileType = text.plist.xml; path = Info.plist; sourceTree = "<group>"; };
		C7A185EB21F8D7D900F3DDAF /* Git Tutorial ProjectTests.xctest */ = {isa = PBXFileReference; explicitFileType = wrapper.cfbundle; includeInIndex = 0; path = "Git Tutorial ProjectTests.xctest"; sourceTree = BUILT_PRODUCTS_DIR; };
		C7A185EF21F8D7D900F3DDAF /* Git_Tutorial_ProjectTests.swift */ = {isa = PBXFileReference; lastKnownFileType = sourcecode.swift; path = Git_Tutorial_ProjectTests.swift; sourceTree = "<group>"; };
		C7A185F121F8D7D900F3DDAF /* Info.plist */ = {isa = PBXFileReference; lastKnownFileType = text.plist.xml; path = Info.plist; sourceTree = "<group>"; };
		C7A185F621F8D7D900F3DDAF /* Git Tutorial ProjectUITests.xctest */ = {isa = PBXFileReference; explicitFileType = wrapper.cfbundle; includeInIndex = 0; path = "Git Tutorial ProjectUITests.xctest"; sourceTree = BUILT_PRODUCTS_DIR; };
		C7A185FA21F8D7D900F3DDAF /* Git_Tutorial_ProjectUITests.swift */ = {isa = PBXFileReference; lastKnownFileType = sourcecode.swift; path = Git_Tutorial_ProjectUITests.swift; sourceTree = "<group>"; };
		C7A185FC21F8D7D900F3DDAF /* Info.plist */ = {isa = PBXFileReference; lastKnownFileType = text.plist.xml; path = Info.plist; sourceTree = "<group>"; };
/* End PBXFileReference section */

/* Begin PBXFrameworksBuildPhase section */
		C7A185D421F8D7D400F3DDAF /* Frameworks */ = {
			isa = PBXFrameworksBuildPhase;
			buildActionMask = 2147483647;
			files = (
			);
			runOnlyForDeploymentPostprocessing = 0;
		};
		C7A185E821F8D7D900F3DDAF /* Frameworks */ = {
			isa = PBXFrameworksBuildPhase;
			buildActionMask = 2147483647;
			files = (
			);
			runOnlyForDeploymentPostprocessing = 0;
		};
		C7A185F321F8D7D900F3DDAF /* Frameworks */ = {
			isa = PBXFrameworksBuildPhase;
			buildActionMask = 2147483647;
			files = (
			);
			runOnlyForDeploymentPostprocessing = 0;
		};
/* End PBXFrameworksBuildPhase section */

/* Begin PBXGroup section */
		C7A185CE21F8D7D300F3DDAF = {
			isa = PBXGroup;
			children = (
				C7A185D921F8D7D400F3DDAF /* Git Tutorial Project */,
				C7A185EE21F8D7D900F3DDAF /* Git Tutorial ProjectTests */,
				C7A185F921F8D7D900F3DDAF /* Git Tutorial ProjectUITests */,
				C7A185D821F8D7D400F3DDAF /* Products */,
			);
			sourceTree = "<group>";
		};
		C7A185D821F8D7D400F3DDAF /* Products */ = {
			isa = PBXGroup;
			children = (
				C7A185D721F8D7D400F3DDAF /* Git Tutorial Project.app */,
				C7A185EB21F8D7D900F3DDAF /* Git Tutorial ProjectTests.xctest */,
				C7A185F621F8D7D900F3DDAF /* Git Tutorial ProjectUITests.xctest */,
			);
			name = Products;
			sourceTree = "<group>";
		};
		C7A185D921F8D7D400F3DDAF /* Git Tutorial Project */ = {
			isa = PBXGroup;
			children = (
				C7A185DA21F8D7D400F3DDAF /* AppDelegate.swift */,
				C7A185DC21F8D7D400F3DDAF /* ViewController.swift */,
				C7A185DE21F8D7D400F3DDAF /* Main.storyboard */,
				C7A185E121F8D7D900F3DDAF /* Assets.xcassets */,
				C7A185E321F8D7D900F3DDAF /* LaunchScreen.storyboard */,
				C7A185E621F8D7D900F3DDAF /* Info.plist */,
			);
			path = "Git Tutorial Project";
			sourceTree = "<group>";
		};
		C7A185EE21F8D7D900F3DDAF /* Git Tutorial ProjectTests */ = {
			isa = PBXGroup;
			children = (
				C7A185EF21F8D7D900F3DDAF /* Git_Tutorial_ProjectTests.swift */,
				C7A185F121F8D7D900F3DDAF /* Info.plist */,
			);
			path = "Git Tutorial ProjectTests";
			sourceTree = "<group>";
		};
		C7A185F921F8D7D900F3DDAF /* Git Tutorial ProjectUITests */ = {
			isa = PBXGroup;
			children = (
				C7A185FA21F8D7D900F3DDAF /* Git_Tutorial_ProjectUITests.swift */,
				C7A185FC21F8D7D900F3DDAF /* Info.plist */,
			);
			path = "Git Tutorial ProjectUITests";
			sourceTree = "<group>";
		};
/* End PBXGroup section */

/* Begin PBXNativeTarget section */
		C7A185D621F8D7D400F3DDAF /* Git Tutorial Project */ = {
			isa = PBXNativeTarget;
			buildConfigurationList = C7A185FF21F8D7D900F3DDAF /* Build configuration list for PBXNativeTarget "Git Tutorial Project" */;
			buildPhases = (
				C7A185D321F8D7D400F3DDAF /* Sources */,
				C7A185D421F8D7D400F3DDAF /* Frameworks */,
				C7A185D521F8D7D400F3DDAF /* Resources */,
			);
			buildRules = (
			);
			dependencies = (
			);
			name = "Git Tutorial Project";
			productName = "Git Tutorial Project";
			productReference = C7A185D721F8D7D400F3DDAF /* Git Tutorial Project.app */;
			productType = "com.apple.product-type.application";
		};
		C7A185EA21F8D7D900F3DDAF /* Git Tutorial ProjectTests */ = {
			isa = PBXNativeTarget;
			buildConfigurationList = C7A1860221F8D7D900F3DDAF /* Build configuration list for PBXNativeTarget "Git Tutorial ProjectTests" */;
			buildPhases = (
				C7A185E721F8D7D900F3DDAF /* Sources */,
				C7A185E821F8D7D900F3DDAF /* Frameworks */,
				C7A185E921F8D7D900F3DDAF /* Resources */,
			);
			buildRules = (
			);
			dependencies = (
				C7A185ED21F8D7D900F3DDAF /* PBXTargetDependency */,
			);
			name = "Git Tutorial ProjectTests";
			productName = "Git Tutorial ProjectTests";
			productReference = C7A185EB21F8D7D900F3DDAF /* Git Tutorial ProjectTests.xctest */;
			productType = "com.apple.product-type.bundle.unit-test";
		};
		C7A185F521F8D7D900F3DDAF /* Git Tutorial ProjectUITests */ = {
			isa = PBXNativeTarget;
			buildConfigurationList = C7A1860521F8D7D900F3DDAF /* Build configuration list for PBXNativeTarget "Git Tutorial ProjectUITests" */;
			buildPhases = (
				C7A185F221F8D7D900F3DDAF /* Sources */,
				C7A185F321F8D7D900F3DDAF /* Frameworks */,
				C7A185F421F8D7D900F3DDAF /* Resources */,
			);
			buildRules = (
			);
			dependencies = (
				C7A185F821F8D7D900F3DDAF /* PBXTargetDependency */,
			);
			name = "Git Tutorial ProjectUITests";
			productName = "Git Tutorial ProjectUITests";
			productReference = C7A185F621F8D7D900F3DDAF /* Git Tutorial ProjectUITests.xctest */;
			productType = "com.apple.product-type.bundle.ui-testing";
		};
/* End PBXNativeTarget section */

/* Begin PBXProject section */
		C7A185CF21F8D7D300F3DDAF /* Project object */ = {
			isa = PBXProject;
			attributes = {
				LastSwiftUpdateCheck = 1010;
				LastUpgradeCheck = 1010;
				ORGANIZATIONNAME = johnekey;
				TargetAttributes = {
					C7A185D621F8D7D400F3DDAF = {
						CreatedOnToolsVersion = 10.1;
					};
					C7A185EA21F8D7D900F3DDAF = {
						CreatedOnToolsVersion = 10.1;
						TestTargetID = C7A185D621F8D7D400F3DDAF;
					};
					C7A185F521F8D7D900F3DDAF = {
						CreatedOnToolsVersion = 10.1;
						TestTargetID = C7A185D621F8D7D400F3DDAF;
					};
				};
			};
			buildConfigurationList = C7A185D221F8D7D400F3DDAF /* Build configuration list for PBXProject "Git Tutorial Project" */;
			compatibilityVersion = "Xcode 9.3";
			developmentRegion = en;
			hasScannedForEncodings = 0;
			knownRegions = (
				en,
				Base,
			);
			mainGroup = C7A185CE21F8D7D300F3DDAF;
			productRefGroup = C7A185D821F8D7D400F3DDAF /* Products */;
			projectDirPath = "";
			projectRoot = "";
			targets = (
				C7A185D621F8D7D400F3DDAF /* Git Tutorial Project */,
				C7A185EA21F8D7D900F3DDAF /* Git Tutorial ProjectTests */,
				C7A185F521F8D7D900F3DDAF /* Git Tutorial ProjectUITests */,
			);
		};
/* End PBXProject section */

/* Begin PBXResourcesBuildPhase section */
		C7A185D521F8D7D400F3DDAF /* Resources */ = {
			isa = PBXResourcesBuildPhase;
			buildActionMask = 2147483647;
			files = (
				C7A185E521F8D7D900F3DDAF /* LaunchScreen.storyboard in Resources */,
				C7A185E221F8D7D900F3DDAF /* Assets.xcassets in Resources */,
				C7A185E021F8D7D400F3DDAF /* Main.storyboard in Resources */,
			);
			runOnlyForDeploymentPostprocessing = 0;
		};
		C7A185E921F8D7D900F3DDAF /* Resources */ = {
			isa = PBXResourcesBuildPhase;
			buildActionMask = 2147483647;
			files = (
			);
			runOnlyForDeploymentPostprocessing = 0;
		};
		C7A185F421F8D7D900F3DDAF /* Resources */ = {
			isa = PBXResourcesBuildPhase;
			buildActionMask = 2147483647;
			files = (
			);
			runOnlyForDeploymentPostprocessing = 0;
		};
/* End PBXResourcesBuildPhase section */

/* Begin PBXSourcesBuildPhase section */
		C7A185D321F8D7D400F3DDAF /* Sources */ = {
			isa = PBXSourcesBuildPhase;
			buildActionMask = 2147483647;
			files = (
				C7A185DD21F8D7D400F3DDAF /* ViewController.swift in Sources */,
				C7A185DB21F8D7D400F3DDAF /* AppDelegate.swift in Sources */,
			);
			runOnlyForDeploymentPostprocessing = 0;
		};
		C7A185E721F8D7D900F3DDAF /* Sources */ = {
			isa = PBXSourcesBuildPhase;
			buildActionMask = 2147483647;
			files = (
				C7A185F021F8D7D900F3DDAF /* Git_Tutorial_ProjectTests.swift in Sources */,
			);
			runOnlyForDeploymentPostprocessing = 0;
		};
		C7A185F221F8D7D900F3DDAF /* Sources */ = {
			isa = PBXSourcesBuildPhase;
			buildActionMask = 2147483647;
			files = (
				C7A185FB21F8D7D900F3DDAF /* Git_Tutorial_ProjectUITests.swift in Sources */,
			);
			runOnlyForDeploymentPostprocessing = 0;
		};
/* End PBXSourcesBuildPhase section */

/* Begin PBXTargetDependency section */
		C7A185ED21F8D7D900F3DDAF /* PBXTargetDependency */ = {
			isa = PBXTargetDependency;
			target = C7A185D621F8D7D400F3DDAF /* Git Tutorial Project */;
			targetProxy = C7A185EC21F8D7D900F3DDAF /* PBXContainerItemProxy */;
		};
		C7A185F821F8D7D900F3DDAF /* PBXTargetDependency */ = {
			isa = PBXTargetDependency;
			target = C7A185D621F8D7D400F3DDAF /* Git Tutorial Project */;
			targetProxy = C7A185F721F8D7D900F3DDAF /* PBXContainerItemProxy */;
		};
/* End PBXTargetDependency section */

/* Begin PBXVariantGroup section */
		C7A185DE21F8D7D400F3DDAF /* Main.storyboard */ = {
			isa = PBXVariantGroup;
			children = (
				C7A185DF21F8D7D400F3DDAF /* Base */,
			);
			name = Main.storyboard;
			sourceTree = "<group>";
		};
		C7A185E321F8D7D900F3DDAF /* LaunchScreen.storyboard */ = {
			isa = PBXVariantGroup;
			children = (
				C7A185E421F8D7D900F3DDAF /* Base */,
			);
			name = LaunchScreen.storyboard;
			sourceTree = "<group>";
		};
/* End PBXVariantGroup section */

/* Begin XCBuildConfiguration section */
		C7A185FD21F8D7D900F3DDAF /* Debug */ = {
			isa = XCBuildConfiguration;
			buildSettings = {
				ALWAYS_SEARCH_USER_PATHS = NO;
				CLANG_ANALYZER_NONNULL = YES;
				CLANG_ANALYZER_NUMBER_OBJECT_CONVERSION = YES_AGGRESSIVE;
				CLANG_CXX_LANGUAGE_STANDARD = "gnu++14";
				CLANG_CXX_LIBRARY = "libc++";
				CLANG_ENABLE_MODULES = YES;
				CLANG_ENABLE_OBJC_ARC = YES;
				CLANG_ENABLE_OBJC_WEAK = YES;
				CLANG_WARN_BLOCK_CAPTURE_AUTORELEASING = YES;
				CLANG_WARN_BOOL_CONVERSION = YES;
				CLANG_WARN_COMMA = YES;
				CLANG_WARN_CONSTANT_CONVERSION = YES;
				CLANG_WARN_DEPRECATED_OBJC_IMPLEMENTATIONS = YES;
				CLANG_WARN_DIRECT_OBJC_ISA_USAGE = YES_ERROR;
				CLANG_WARN_DOCUMENTATION_COMMENTS = YES;
				CLANG_WARN_EMPTY_BODY = YES;
				CLANG_WARN_ENUM_CONVERSION = YES;
				CLANG_WARN_INFINITE_RECURSION = YES;
				CLANG_WARN_INT_CONVERSION = YES;
				CLANG_WARN_NON_LITERAL_NULL_CONVERSION = YES;
				CLANG_WARN_OBJC_IMPLICIT_RETAIN_SELF = YES;
				CLANG_WARN_OBJC_LITERAL_CONVERSION = YES;
				CLANG_WARN_OBJC_ROOT_CLASS = YES_ERROR;
				CLANG_WARN_RANGE_LOOP_ANALYSIS = YES;
				CLANG_WARN_STRICT_PROTOTYPES = YES;
				CLANG_WARN_SUSPICIOUS_MOVE = YES;
				CLANG_WARN_UNGUARDED_AVAILABILITY = YES_AGGRESSIVE;
				CLANG_WARN_UNREACHABLE_CODE = YES;
				CLANG_WARN__DUPLICATE_METHOD_MATCH = YES;
				CODE_SIGN_IDENTITY = "iPhone Developer";
				COPY_PHASE_STRIP = NO;
				DEBUG_INFORMATION_FORMAT = dwarf;
				ENABLE_STRICT_OBJC_MSGSEND = YES;
				ENABLE_TESTABILITY = YES;
				GCC_C_LANGUAGE_STANDARD = gnu11;
				GCC_DYNAMIC_NO_PIC = NO;
				GCC_NO_COMMON_BLOCKS = YES;
				GCC_OPTIMIZATION_LEVEL = 0;
				GCC_PREPROCESSOR_DEFINITIONS = (
					"DEBUG=1",
					"$(inherited)",
				);
				GCC_WARN_64_TO_32_BIT_CONVERSION = YES;
				GCC_WARN_ABOUT_RETURN_TYPE = YES_ERROR;
				GCC_WARN_UNDECLARED_SELECTOR = YES;
				GCC_WARN_UNINITIALIZED_AUTOS = YES_AGGRESSIVE;
				GCC_WARN_UNUSED_FUNCTION = YES;
				GCC_WARN_UNUSED_VARIABLE = YES;
				IPHONEOS_DEPLOYMENT_TARGET = 12.1;
				MTL_ENABLE_DEBUG_INFO = INCLUDE_SOURCE;
				MTL_FAST_MATH = YES;
				ONLY_ACTIVE_ARCH = YES;
				SDKROOT = iphoneos;
				SWIFT_ACTIVE_COMPILATION_CONDITIONS = DEBUG;
				SWIFT_OPTIMIZATION_LEVEL = "-Onone";
			};
			name = Debug;
		};
		C7A185FE21F8D7D900F3DDAF /* Release */ = {
			isa = XCBuildConfiguration;
			buildSettings = {
				ALWAYS_SEARCH_USER_PATHS = NO;
				CLANG_ANALYZER_NONNULL = YES;
				CLANG_ANALYZER_NUMBER_OBJECT_CONVERSION = YES_AGGRESSIVE;
				CLANG_CXX_LANGUAGE_STANDARD = "gnu++14";
				CLANG_CXX_LIBRARY = "libc++";
				CLANG_ENABLE_MODULES = YES;
				CLANG_ENABLE_OBJC_ARC = YES;
				CLANG_ENABLE_OBJC_WEAK = YES;
				CLANG_WARN_BLOCK_CAPTURE_AUTORELEASING = YES;
				CLANG_WARN_BOOL_CONVERSION = YES;
				CLANG_WARN_COMMA = YES;
				CLANG_WARN_CONSTANT_CONVERSION = YES;
				CLANG_WARN_DEPRECATED_OBJC_IMPLEMENTATIONS = YES;
				CLANG_WARN_DIRECT_OBJC_ISA_USAGE = YES_ERROR;
				CLANG_WARN_DOCUMENTATION_COMMENTS = YES;
				CLANG_WARN_EMPTY_BODY = YES;
				CLANG_WARN_ENUM_CONVERSION = YES;
				CLANG_WARN_INFINITE_RECURSION = YES;
				CLANG_WARN_INT_CONVERSION = YES;
				CLANG_WARN_NON_LITERAL_NULL_CONVERSION = YES;
				CLANG_WARN_OBJC_IMPLICIT_RETAIN_SELF = YES;
				CLANG_WARN_OBJC_LITERAL_CONVERSION = YES;
				CLANG_WARN_OBJC_ROOT_CLASS = YES_ERROR;
				CLANG_WARN_RANGE_LOOP_ANALYSIS = YES;
				CLANG_WARN_STRICT_PROTOTYPES = YES;
				CLANG_WARN_SUSPICIOUS_MOVE = YES;
				CLANG_WARN_UNGUARDED_AVAILABILITY = YES_AGGRESSIVE;
				CLANG_WARN_UNREACHABLE_CODE = YES;
				CLANG_WARN__DUPLICATE_METHOD_MATCH = YES;
				CODE_SIGN_IDENTITY = "iPhone Developer";
				COPY_PHASE_STRIP = NO;
				DEBUG_INFORMATION_FORMAT = "dwarf-with-dsym";
				ENABLE_NS_ASSERTIONS = NO;
				ENABLE_STRICT_OBJC_MSGSEND = YES;
				GCC_C_LANGUAGE_STANDARD = gnu11;
				GCC_NO_COMMON_BLOCKS = YES;
				GCC_WARN_64_TO_32_BIT_CONVERSION = YES;
				GCC_WARN_ABOUT_RETURN_TYPE = YES_ERROR;
				GCC_WARN_UNDECLARED_SELECTOR = YES;
				GCC_WARN_UNINITIALIZED_AUTOS = YES_AGGRESSIVE;
				GCC_WARN_UNUSED_FUNCTION = YES;
				GCC_WARN_UNUSED_VARIABLE = YES;
				IPHONEOS_DEPLOYMENT_TARGET = 12.1;
				MTL_ENABLE_DEBUG_INFO = NO;
				MTL_FAST_MATH = YES;
				SDKROOT = iphoneos;
				SWIFT_COMPILATION_MODE = wholemodule;
				SWIFT_OPTIMIZATION_LEVEL = "-O";
				VALIDATE_PRODUCT = YES;
			};
			name = Release;
		};
		C7A1860021F8D7D900F3DDAF /* Debug */ = {
			isa = XCBuildConfiguration;
			buildSettings = {
				ASSETCATALOG_COMPILER_APPICON_NAME = AppIcon;
				CODE_SIGN_STYLE = Automatic;
				INFOPLIST_FILE = "Git Tutorial Project/Info.plist";
				LD_RUNPATH_SEARCH_PATHS = (
					"$(inherited)",
					"@executable_path/Frameworks",
				);
				PRODUCT_BUNDLE_IDENTIFIER = "larworld.Git-Tutorial-Project";
				PRODUCT_NAME = "$(TARGET_NAME)";
				SWIFT_VERSION = 4.2;
				TARGETED_DEVICE_FAMILY = "1,2";
			};
			name = Debug;
		};
		C7A1860121F8D7D900F3DDAF /* Release */ = {
			isa = XCBuildConfiguration;
			buildSettings = {
				ASSETCATALOG_COMPILER_APPICON_NAME = AppIcon;
				CODE_SIGN_STYLE = Automatic;
				INFOPLIST_FILE = "Git Tutorial Project/Info.plist";
				LD_RUNPATH_SEARCH_PATHS = (
					"$(inherited)",
					"@executable_path/Frameworks",
				);
				PRODUCT_BUNDLE_IDENTIFIER = "larworld.Git-Tutorial-Project";
				PRODUCT_NAME = "$(TARGET_NAME)";
				SWIFT_VERSION = 4.2;
				TARGETED_DEVICE_FAMILY = "1,2";
			};
			name = Release;
		};
		C7A1860321F8D7D900F3DDAF /* Debug */ = {
			isa = XCBuildConfiguration;
			buildSettings = {
				ALWAYS_EMBED_SWIFT_STANDARD_LIBRARIES = YES;
				BUNDLE_LOADER = "$(TEST_HOST)";
				CODE_SIGN_STYLE = Automatic;
				INFOPLIST_FILE = "Git Tutorial ProjectTests/Info.plist";
				LD_RUNPATH_SEARCH_PATHS = (
					"$(inherited)",
					"@executable_path/Frameworks",
					"@loader_path/Frameworks",
				);
				PRODUCT_BUNDLE_IDENTIFIER = "larworld.Git-Tutorial-ProjectTests";
				PRODUCT_NAME = "$(TARGET_NAME)";
				SWIFT_VERSION = 4.2;
				TARGETED_DEVICE_FAMILY = "1,2";
				TEST_HOST = "$(BUILT_PRODUCTS_DIR)/Git Tutorial Project.app/Git Tutorial Project";
			};
			name = Debug;
		};
		C7A1860421F8D7D900F3DDAF /* Release */ = {
			isa = XCBuildConfiguration;
			buildSettings = {
				ALWAYS_EMBED_SWIFT_STANDARD_LIBRARIES = YES;
				BUNDLE_LOADER = "$(TEST_HOST)";
				CODE_SIGN_STYLE = Automatic;
				INFOPLIST_FILE = "Git Tutorial ProjectTests/Info.plist";
				LD_RUNPATH_SEARCH_PATHS = (
					"$(inherited)",
					"@executable_path/Frameworks",
					"@loader_path/Frameworks",
				);
				PRODUCT_BUNDLE_IDENTIFIER = "larworld.Git-Tutorial-ProjectTests";
				PRODUCT_NAME = "$(TARGET_NAME)";
				SWIFT_VERSION = 4.2;
				TARGETED_DEVICE_FAMILY = "1,2";
				TEST_HOST = "$(BUILT_PRODUCTS_DIR)/Git Tutorial Project.app/Git Tutorial Project";
			};
			name = Release;
		};
		C7A1860621F8D7D900F3DDAF /* Debug */ = {
			isa = XCBuildConfiguration;
			buildSettings = {
				ALWAYS_EMBED_SWIFT_STANDARD_LIBRARIES = YES;
				CODE_SIGN_STYLE = Automatic;
				INFOPLIST_FILE = "Git Tutorial ProjectUITests/Info.plist";
				LD_RUNPATH_SEARCH_PATHS = (
					"$(inherited)",
					"@executable_path/Frameworks",
					"@loader_path/Frameworks",
				);
				PRODUCT_BUNDLE_IDENTIFIER = "larworld.Git-Tutorial-ProjectUITests";
				PRODUCT_NAME = "$(TARGET_NAME)";
				SWIFT_VERSION = 4.2;
				TARGETED_DEVICE_FAMILY = "1,2";
				TEST_TARGET_NAME = "Git Tutorial Project";
			};
			name = Debug;
		};
		C7A1860721F8D7D900F3DDAF /* Release */ = {
			isa = XCBuildConfiguration;
			buildSettings = {
				ALWAYS_EMBED_SWIFT_STANDARD_LIBRARIES = YES;
				CODE_SIGN_STYLE = Automatic;
				INFOPLIST_FILE = "Git Tutorial ProjectUITests/Info.plist";
				LD_RUNPATH_SEARCH_PATHS = (
					"$(inherited)",
					"@executable_path/Frameworks",
					"@loader_path/Frameworks",
				);
				PRODUCT_BUNDLE_IDENTIFIER = "larworld.Git-Tutorial-ProjectUITests";
				PRODUCT_NAME = "$(TARGET_NAME)";
				SWIFT_VERSION = 4.2;
				TARGETED_DEVICE_FAMILY = "1,2";
				TEST_TARGET_NAME = "Git Tutorial Project";
			};
			name = Release;
		};
/* End XCBuildConfiguration section */

/* Begin XCConfigurationList section */
		C7A185D221F8D7D400F3DDAF /* Build configuration list for PBXProject "Git Tutorial Project" */ = {
			isa = XCConfigurationList;
			buildConfigurations = (
				C7A185FD21F8D7D900F3DDAF /* Debug */,
				C7A185FE21F8D7D900F3DDAF /* Release */,
			);
			defaultConfigurationIsVisible = 0;
			defaultConfigurationName = Release;
		};
		C7A185FF21F8D7D900F3DDAF /* Build configuration list for PBXNativeTarget "Git Tutorial Project" */ = {
			isa = XCConfigurationList;
			buildConfigurations = (
				C7A1860021F8D7D900F3DDAF /* Debug */,
				C7A1860121F8D7D900F3DDAF /* Release */,
			);
			defaultConfigurationIsVisible = 0;
			defaultConfigurationName = Release;
		};
		C7A1860221F8D7D900F3DDAF /* Build configuration list for PBXNativeTarget "Git Tutorial ProjectTests" */ = {
			isa = XCConfigurationList;
			buildConfigurations = (
				C7A1860321F8D7D900F3DDAF /* Debug */,
				C7A1860421F8D7D900F3DDAF /* Release */,
			);
			defaultConfigurationIsVisible = 0;
			defaultConfigurationName = Release;
		};
		C7A1860521F8D7D900F3DDAF /* Build configuration list for PBXNativeTarget "Git Tutorial ProjectUITests" */ = {
			isa = XCConfigurationList;
			buildConfigurations = (
				C7A1860621F8D7D900F3DDAF /* Debug */,
				C7A1860721F8D7D900F3DDAF /* Release */,
			);
			defaultConfigurationIsVisible = 0;
			defaultConfigurationName = Release;
		};
/* End XCConfigurationList section */
	};
	rootObject = C7A185CF21F8D7D300F3DDAF /* Project object */;
}
